
Microsoft Visual Studio Solution File, Format Version 12.00
# Visual Studio 2013
VisualStudioVersion = 12.0.31101.0
MinimumVisualStudioVersion = 10.0.40219.1
Project("{2150E333-8FDC-42A3-9474-1A3956D46DE8}") = ".nuget", ".nuget", "{7B6A6841-29AA-4777-9B5A-192F898BE5CD}"
	ProjectSection(SolutionItems) = preProject
		.nuget\NuGet.Config = .nuget\NuGet.Config
		.nuget\NuGet.exe = .nuget\NuGet.exe
		.nuget\NuGet.targets = .nuget\NuGet.targets
	EndProjectSection
EndProject
Project("{FAE04EC0-301F-11D3-BF4B-00C04F79EFBC}") = "SeattleBikeShare.WindowsPhone", "WindowsPhone\SeattleBikeShare.WindowsPhone.csproj", "{522E72C9-A4F8-4863-AA90-DE9A756D1D85}"
EndProject
Project("{FAE04EC0-301F-11D3-BF4B-00C04F79EFBC}") = "SeattleBikeShare.UnitTest", "UnitTest\SeattleBikeShare.UnitTest.csproj", "{B2CF4274-C767-462E-BAAB-47947860A310}"
EndProject
Global
	GlobalSection(SolutionConfigurationPlatforms) = preSolution
		Debug|Any CPU = Debug|Any CPU
		Debug|ARM = Debug|ARM
		Debug|Mixed Platforms = Debug|Mixed Platforms
		Debug|x64 = Debug|x64
		Debug|x86 = Debug|x86
		Release|Any CPU = Release|Any CPU
		Release|ARM = Release|ARM
		Release|Mixed Platforms = Release|Mixed Platforms
		Release|x64 = Release|x64
		Release|x86 = Release|x86
	EndGlobalSection
	GlobalSection(ProjectConfigurationPlatforms) = postSolution
		{522E72C9-A4F8-4863-AA90-DE9A756D1D85}.Debug|Any CPU.ActiveCfg = Debug|Any CPU
		{522E72C9-A4F8-4863-AA90-DE9A756D1D85}.Debug|Any CPU.Build.0 = Debug|Any CPU
		{522E72C9-A4F8-4863-AA90-DE9A756D1D85}.Debug|Any CPU.Deploy.0 = Debug|Any CPU
		{522E72C9-A4F8-4863-AA90-DE9A756D1D85}.Debug|ARM.ActiveCfg = Debug|ARM
		{522E72C9-A4F8-4863-AA90-DE9A756D1D85}.Debug|ARM.Build.0 = Debug|ARM
		{522E72C9-A4F8-4863-AA90-DE9A756D1D85}.Debug|ARM.Deploy.0 = Debug|ARM
		{522E72C9-A4F8-4863-AA90-DE9A756D1D85}.Debug|Mixed Platforms.ActiveCfg = Debug|x86
		{522E72C9-A4F8-4863-AA90-DE9A756D1D85}.Debug|Mixed Platforms.Build.0 = Debug|x86
		{522E72C9-A4F8-4863-AA90-DE9A756D1D85}.Debug|Mixed Platforms.Deploy.0 = Debug|x86
		{522E72C9-A4F8-4863-AA90-DE9A756D1D85}.Debug|x64.ActiveCfg = Debug|Any CPU
		{522E72C9-A4F8-4863-AA90-DE9A756D1D85}.Debug|x86.ActiveCfg = Debug|x86
		{522E72C9-A4F8-4863-AA90-DE9A756D1D85}.Debug|x86.Build.0 = Debug|x86
		{522E72C9-A4F8-4863-AA90-DE9A756D1D85}.Debug|x86.Deploy.0 = Debug|x86
		{522E72C9-A4F8-4863-AA90-DE9A756D1D85}.Release|Any CPU.ActiveCfg = Release|Any CPU
		{522E72C9-A4F8-4863-AA90-DE9A756D1D85}.Release|Any CPU.Build.0 = Release|Any CPU
		{522E72C9-A4F8-4863-AA90-DE9A756D1D85}.Release|Any CPU.Deploy.0 = Release|Any CPU
		{522E72C9-A4F8-4863-AA90-DE9A756D1D85}.Release|ARM.ActiveCfg = Release|ARM
		{522E72C9-A4F8-4863-AA90-DE9A756D1D85}.Release|ARM.Build.0 = Release|ARM
		{522E72C9-A4F8-4863-AA90-DE9A756D1D85}.Release|ARM.Deploy.0 = Release|ARM
		{522E72C9-A4F8-4863-AA90-DE9A756D1D85}.Release|Mixed Platforms.ActiveCfg = Release|x86
		{522E72C9-A4F8-4863-AA90-DE9A756D1D85}.Release|Mixed Platforms.Build.0 = Release|x86
		{522E72C9-A4F8-4863-AA90-DE9A756D1D85}.Release|Mixed Platforms.Deploy.0 = Release|x86
		{522E72C9-A4F8-4863-AA90-DE9A756D1D85}.Release|x64.ActiveCfg = Release|Any CPU
		{522E72C9-A4F8-4863-AA90-DE9A756D1D85}.Release|x86.ActiveCfg = Release|x86
		{522E72C9-A4F8-4863-AA90-DE9A756D1D85}.Release|x86.Build.0 = Release|x86
		{522E72C9-A4F8-4863-AA90-DE9A756D1D85}.Release|x86.Deploy.0 = Release|x86
		{B2CF4274-C767-462E-BAAB-47947860A310}.Debug|Any CPU.ActiveCfg = Debug|x86
		{B2CF4274-C767-462E-BAAB-47947860A310}.Debug|ARM.ActiveCfg = Debug|ARM
		{B2CF4274-C767-462E-BAAB-47947860A310}.Debug|ARM.Build.0 = Debug|ARM
		{B2CF4274-C767-462E-BAAB-47947860A310}.Debug|ARM.Deploy.0 = Debug|ARM
		{B2CF4274-C767-462E-BAAB-47947860A310}.Debug|Mixed Platforms.ActiveCfg = Debug|x86
		{B2CF4274-C767-462E-BAAB-47947860A310}.Debug|Mixed Platforms.Build.0 = Debug|x86
		{B2CF4274-C767-462E-BAAB-47947860A310}.Debug|Mixed Platforms.Deploy.0 = Debug|x86
		{B2CF4274-C767-462E-BAAB-47947860A310}.Debug|x64.ActiveCfg = Debug|x86
		{B2CF4274-C767-462E-BAAB-47947860A310}.Debug|x86.ActiveCfg = Debug|x86
		{B2CF4274-C767-462E-BAAB-47947860A310}.Debug|x86.Build.0 = Debug|x86
		{B2CF4274-C767-462E-BAAB-47947860A310}.Debug|x86.Deploy.0 = Debug|x86
		{B2CF4274-C767-462E-BAAB-47947860A310}.Release|Any CPU.ActiveCfg = Release|x86
		{B2CF4274-C767-462E-BAAB-47947860A310}.Release|ARM.ActiveCfg = Release|ARM
		{B2CF4274-C767-462E-BAAB-47947860A310}.Release|ARM.Build.0 = Release|ARM
		{B2CF4274-C767-462E-BAAB-47947860A310}.Release|ARM.Deploy.0 = Release|ARM
		{B2CF4274-C767-462E-BAAB-47947860A310}.Release|Mixed Platforms.ActiveCfg = Release|x86
		{B2CF4274-C767-462E-BAAB-47947860A310}.Release|Mixed Platforms.Build.0 = Release|x86
		{B2CF4274-C767-462E-BAAB-47947860A310}.Release|Mixed Platforms.Deploy.0 = Release|x86
		{B2CF4274-C767-462E-BAAB-47947860A310}.Release|x64.ActiveCfg = Release|x86
		{B2CF4274-C767-462E-BAAB-47947860A310}.Release|x86.ActiveCfg = Release|x86
		{B2CF4274-C767-462E-BAAB-47947860A310}.Release|x86.Build.0 = Release|x86
		{B2CF4274-C767-462E-BAAB-47947860A310}.Release|x86.Deploy.0 = Release|x86
	EndGlobalSection
	GlobalSection(SolutionProperties) = preSolution
		HideSolutionNode = FALSE
	EndGlobalSection
EndGlobal
