
Microsoft Visual Studio Solution File, Format Version 12.00
# Visual Studio 2013
VisualStudioVersion = 12.0.30723.0
MinimumVisualStudioVersion = 10.0.40219.1
Project("{2150E333-8FDC-42A3-9474-1A3956D46DE8}") = "SharedApp", "SharedApp", "{598BFD1E-9E68-4FB5-B8B4-FAE83A69970A}"
EndProject
Project("{D954291E-2A0B-460D-934E-DC6B0785DB48}") = "SeattleBikeShare.Shared", "Shared\SeattleBikeShare.Shared.shproj", "{29D67F9B-C85D-435F-A0A8-2533E285A7DD}"
EndProject
Project("{262852C6-CD72-467D-83FE-5EEB1973A190}") = "SeattleBikeShare.Windows", "Windows\SeattleBikeShare.Windows.jsproj", "{CBEBA094-D99F-456B-9DD0-9274CFFE989C}"
EndProject
Project("{262852C6-CD72-467D-83FE-5EEB1973A190}") = "SeattleBikeShare.WindowsPhone", "WindowsPhone\SeattleBikeShare.WindowsPhone.jsproj", "{13CC6E85-C784-4892-AFB7-7A144332AF41}"
EndProject
Global
	GlobalSection(SharedMSBuildProjectFiles) = preSolution
		Shared\SeattleBikeShare.Shared.projitems*{cbeba094-d99f-456b-9dd0-9274cffe989c}*SharedItemsImports = 5
		Shared\SeattleBikeShare.Shared.projitems*{13cc6e85-c784-4892-afb7-7a144332af41}*SharedItemsImports = 5
		Shared\SeattleBikeShare.Shared.projitems*{29d67f9b-c85d-435f-a0a8-2533e285a7dd}*SharedItemsImports = 13
	EndGlobalSection
	GlobalSection(SolutionConfigurationPlatforms) = preSolution
		Debug|Any CPU = Debug|Any CPU
		Debug|ARM = Debug|ARM
		Debug|x64 = Debug|x64
		Debug|x86 = Debug|x86
		Release|Any CPU = Release|Any CPU
		Release|ARM = Release|ARM
		Release|x64 = Release|x64
		Release|x86 = Release|x86
	EndGlobalSection
	GlobalSection(ProjectConfigurationPlatforms) = postSolution
		{CBEBA094-D99F-456B-9DD0-9274CFFE989C}.Debug|Any CPU.ActiveCfg = Debug|Any CPU
		{CBEBA094-D99F-456B-9DD0-9274CFFE989C}.Debug|Any CPU.Build.0 = Debug|Any CPU
		{CBEBA094-D99F-456B-9DD0-9274CFFE989C}.Debug|Any CPU.Deploy.0 = Debug|Any CPU
		{CBEBA094-D99F-456B-9DD0-9274CFFE989C}.Debug|ARM.ActiveCfg = Debug|ARM
		{CBEBA094-D99F-456B-9DD0-9274CFFE989C}.Debug|ARM.Build.0 = Debug|ARM
		{CBEBA094-D99F-456B-9DD0-9274CFFE989C}.Debug|ARM.Deploy.0 = Debug|ARM
		{CBEBA094-D99F-456B-9DD0-9274CFFE989C}.Debug|x64.ActiveCfg = Debug|x64
		{CBEBA094-D99F-456B-9DD0-9274CFFE989C}.Debug|x64.Build.0 = Debug|x64
		{CBEBA094-D99F-456B-9DD0-9274CFFE989C}.Debug|x64.Deploy.0 = Debug|x64
		{CBEBA094-D99F-456B-9DD0-9274CFFE989C}.Debug|x86.ActiveCfg = Debug|x86
		{CBEBA094-D99F-456B-9DD0-9274CFFE989C}.Debug|x86.Build.0 = Debug|x86
		{CBEBA094-D99F-456B-9DD0-9274CFFE989C}.Debug|x86.Deploy.0 = Debug|x86
		{CBEBA094-D99F-456B-9DD0-9274CFFE989C}.Release|Any CPU.ActiveCfg = Release|Any CPU
		{CBEBA094-D99F-456B-9DD0-9274CFFE989C}.Release|Any CPU.Build.0 = Release|Any CPU
		{CBEBA094-D99F-456B-9DD0-9274CFFE989C}.Release|Any CPU.Deploy.0 = Release|Any CPU
		{CBEBA094-D99F-456B-9DD0-9274CFFE989C}.Release|ARM.ActiveCfg = Release|ARM
		{CBEBA094-D99F-456B-9DD0-9274CFFE989C}.Release|ARM.Build.0 = Release|ARM
		{CBEBA094-D99F-456B-9DD0-9274CFFE989C}.Release|ARM.Deploy.0 = Release|ARM
		{CBEBA094-D99F-456B-9DD0-9274CFFE989C}.Release|x64.ActiveCfg = Release|x64
		{CBEBA094-D99F-456B-9DD0-9274CFFE989C}.Release|x64.Build.0 = Release|x64
		{CBEBA094-D99F-456B-9DD0-9274CFFE989C}.Release|x64.Deploy.0 = Release|x64
		{CBEBA094-D99F-456B-9DD0-9274CFFE989C}.Release|x86.ActiveCfg = Release|x86
		{CBEBA094-D99F-456B-9DD0-9274CFFE989C}.Release|x86.Build.0 = Release|x86
		{CBEBA094-D99F-456B-9DD0-9274CFFE989C}.Release|x86.Deploy.0 = Release|x86
		{13CC6E85-C784-4892-AFB7-7A144332AF41}.Debug|Any CPU.ActiveCfg = Debug|Any CPU
		{13CC6E85-C784-4892-AFB7-7A144332AF41}.Debug|Any CPU.Build.0 = Debug|Any CPU
		{13CC6E85-C784-4892-AFB7-7A144332AF41}.Debug|Any CPU.Deploy.0 = Debug|Any CPU
		{13CC6E85-C784-4892-AFB7-7A144332AF41}.Debug|ARM.ActiveCfg = Debug|ARM
		{13CC6E85-C784-4892-AFB7-7A144332AF41}.Debug|ARM.Build.0 = Debug|ARM
		{13CC6E85-C784-4892-AFB7-7A144332AF41}.Debug|ARM.Deploy.0 = Debug|ARM
		{13CC6E85-C784-4892-AFB7-7A144332AF41}.Debug|x64.ActiveCfg = Debug|Any CPU
		{13CC6E85-C784-4892-AFB7-7A144332AF41}.Debug|x86.ActiveCfg = Debug|x86
		{13CC6E85-C784-4892-AFB7-7A144332AF41}.Debug|x86.Build.0 = Debug|x86
		{13CC6E85-C784-4892-AFB7-7A144332AF41}.Debug|x86.Deploy.0 = Debug|x86
		{13CC6E85-C784-4892-AFB7-7A144332AF41}.Release|Any CPU.ActiveCfg = Release|Any CPU
		{13CC6E85-C784-4892-AFB7-7A144332AF41}.Release|Any CPU.Build.0 = Release|Any CPU
		{13CC6E85-C784-4892-AFB7-7A144332AF41}.Release|Any CPU.Deploy.0 = Release|Any CPU
		{13CC6E85-C784-4892-AFB7-7A144332AF41}.Release|ARM.ActiveCfg = Release|ARM
		{13CC6E85-C784-4892-AFB7-7A144332AF41}.Release|ARM.Build.0 = Release|ARM
		{13CC6E85-C784-4892-AFB7-7A144332AF41}.Release|ARM.Deploy.0 = Release|ARM
		{13CC6E85-C784-4892-AFB7-7A144332AF41}.Release|x64.ActiveCfg = Release|Any CPU
		{13CC6E85-C784-4892-AFB7-7A144332AF41}.Release|x86.ActiveCfg = Release|x86
		{13CC6E85-C784-4892-AFB7-7A144332AF41}.Release|x86.Build.0 = Release|x86
		{13CC6E85-C784-4892-AFB7-7A144332AF41}.Release|x86.Deploy.0 = Release|x86
	EndGlobalSection
	GlobalSection(SolutionProperties) = preSolution
		HideSolutionNode = FALSE
	EndGlobalSection
	GlobalSection(NestedProjects) = preSolution
		{29D67F9B-C85D-435F-A0A8-2533E285A7DD} = {598BFD1E-9E68-4FB5-B8B4-FAE83A69970A}
		{CBEBA094-D99F-456B-9DD0-9274CFFE989C} = {598BFD1E-9E68-4FB5-B8B4-FAE83A69970A}
		{13CC6E85-C784-4892-AFB7-7A144332AF41} = {598BFD1E-9E68-4FB5-B8B4-FAE83A69970A}
	EndGlobalSection
EndGlobal
